Microsoft Visual Studio Solution File, Format Version 12.00
# Visual Studio Version 17
VisualStudioVersion = 17.5.2.0
MinimumVisualStudioVersion = 10.0.40219.1
Project("{FAE04EC0-301F-11D3-BF4B-00C04F79EFBC}") = "FileHandlingApi", "FileHandlingApi\FileHandlingApi.csproj", "{D64800F9-ADFC-1EDA-2F75-FCE19BE28893}"
EndProject
Global
	GlobalSection(SolutionConfigurationPlatforms) = preSolution
		Debug|Any CPU = Debug|Any CPU
		Release|Any CPU = Release|Any CPU
	EndGlobalSection
	GlobalSection(ProjectConfigurationPlatforms) = postSolution
		{D64800F9-ADFC-1EDA-2F75-FCE19BE28893}.Debug|Any CPU.ActiveCfg = Debug|Any CPU
		{D64800F9-ADFC-1EDA-2F75-FCE19BE28893}.Debug|Any CPU.Build.0 = Debug|Any CPU
		{D64800F9-ADFC-1EDA-2F75-FCE19BE28893}.Release|Any CPU.ActiveCfg = Release|Any CPU
		{D64800F9-ADFC-1EDA-2F75-FCE19BE28893}.Release|Any CPU.Build.0 = Release|Any CPU
	EndGlobalSection
	GlobalSection(SolutionProperties) = preSolution
		HideSolutionNode = FALSE
	EndGlobalSection
	GlobalSection(ExtensibilityGlobals) = postSolution
		SolutionGuid = {3DAF7606-3056-42CB-A886-4CF034212A16}
	EndGlobalSection
EndGlobal
