
Microsoft Visual Studio Solution File, Format Version 12.00
# Visual Studio Version 17
VisualStudioVersion = 17.13.35931.197 d17.13
MinimumVisualStudioVersion = 10.0.40219.1
Project("{FAE04EC0-301F-11D3-BF4B-00C04F79EFBC}") = "WholeApplication", "WholeApplication\WholeApplication.csproj", "{641ACD4E-1FB1-4358-A995-3195482F2BA0}"
EndProject
Global
	GlobalSection(SolutionConfigurationPlatforms) = preSolution
		Debug|Any CPU = Debug|Any CPU
		Release|Any CPU = Release|Any CPU
	EndGlobalSection
	GlobalSection(ProjectConfigurationPlatforms) = postSolution
		{641ACD4E-1FB1-4358-A995-3195482F2BA0}.Debug|Any CPU.ActiveCfg = Debug|Any CPU
		{641ACD4E-1FB1-4358-A995-3195482F2BA0}.Debug|Any CPU.Build.0 = Debug|Any CPU
		{641ACD4E-1FB1-4358-A995-3195482F2BA0}.Release|Any CPU.ActiveCfg = Release|Any CPU
		{641ACD4E-1FB1-4358-A995-3195482F2BA0}.Release|Any CPU.Build.0 = Release|Any CPU
	EndGlobalSection
	GlobalSection(SolutionProperties) = preSolution
		HideSolutionNode = FALSE
	EndGlobalSection
	GlobalSection(ExtensibilityGlobals) = postSolution
		SolutionGuid = {875E3854-9E1C-4AC5-B403-4FC0BAFF1114}
	EndGlobalSection
EndGlobal
